blueprint:
  name: Door Auto Lock
  description: Lock a door after it has been unlocked or closed for a period of time.
  domain: automation
  author: Jeff Durbin
  input:
    door_lock_entity:
      name: Door Lock
      selector:
        entity:
          domain:
            - lock
          multiple: false
    door_contact_entity:
      name: Door Contact
      selector:
        entity:
          domain:
            - binary_sensor
          device_class:
            - door
          multiple: false
    wait_period:
      name: Wait time
      description: Time (in minutes) to wait before locking the door.
      default: 15
      selector:
        number:
          min: 1.0
          max: 60.0
          unit_of_measurement: minutes
          step: 1.0
          mode: slider
  source_url: https://github.com/jcdurbin/homeassistant/blob/main/blueprints/auto_door_lock.yaml
mode: restart
description: ""
trigger:
  - platform: state
    id: door_unlocked
    entity_id:
      - !input door_lock_entity
    to: unlocked
    for:
      hours: 0
      minutes: !input wait_period
      seconds: 0
  - platform: state
    id: door_closed
    entity_id: !input door_contact_entity
    to: "off"
    for:
      hours: 0
      minutes: !input wait_period
      seconds: 0
condition:
  - condition: state
    entity_id: !input door_contact_entity
    state: "off"
  - condition: state
    entity_id:
      - !input door_lock_entity
    state: unlocked
action:
  - service: lock.lock
    data: {}
    target:
      entity_id: !input door_lock_entity
